Microsoft Visual Studio Solution File, Format Version 12.00
# Visual Studio Version 17
VisualStudioVersion = 17.5.2.0
MinimumVisualStudioVersion = 10.0.40219.1
Project("{2150E333-8FDC-42A3-9474-1A3956D46DE8}") = "win11-stack", "win11-stack", "{667B1371-0ECA-1712-614A-76B476C5CE03}"
EndProject
Project("{2150E333-8FDC-42A3-9474-1A3956D46DE8}") = "backend", "backend", "{C7A111FF-AB4C-0249-1E03-8DB3BC5150DC}"
EndProject
Project("{FAE04EC0-301F-11D3-BF4B-00C04F79EFBC}") = "Scing.Emulator.Service", "win11-stack\backend\Scing.Emulator.Service\Scing.Emulator.Service.csproj", "{5D9C4D04-AE05-4E5E-82A5-4A34D5D1BBA9}"
EndProject
Project("{2150E333-8FDC-42A3-9474-1A3956D46DE8}") = "sdk", "sdk", "{2EBD3C30-C1CA-688E-1435-2D6B899B89EE}"
EndProject
Project("{2150E333-8FDC-42A3-9474-1A3956D46DE8}") = "cli", "cli", "{C53CC114-E9A0-A2C4-B45D-72AF2FA32346}"
EndProject
Project("{FAE04EC0-301F-11D3-BF4B-00C04F79EFBC}") = "ScingOS.Cli", "win11-stack\sdk\cli\ScingOS.Cli\ScingOS.Cli.csproj", "{5EF05619-02D2-3050-56FC-0E391EFCD1AD}"
EndProject
Project("{2150E333-8FDC-42A3-9474-1A3956D46DE8}") = "dotnet", "dotnet", "{E997957F-786E-B743-241A-CF5EE7747BA8}"
EndProject
Project("{FAE04EC0-301F-11D3-BF4B-00C04F79EFBC}") = "ScingOS.Sdk", "win11-stack\sdk\dotnet\ScingOS.Sdk\ScingOS.Sdk.csproj", "{649B3FE9-8812-B4CB-2AC2-E4CD578FABB3}"
EndProject
Project("{FAE04EC0-301F-11D3-BF4B-00C04F79EFBC}") = "ScingOS.Sdk.Abstractions", "win11-stack\sdk\dotnet\ScingOS.Sdk.Abstractions\ScingOS.Sdk.Abstractions.csproj", "{D44CCC60-3545-94FC-26D0-8D4EC324473C}"
EndProject
Project("{2150E333-8FDC-42A3-9474-1A3956D46DE8}") = "samples", "samples", "{D28721D2-35AD-908B-8FB2-C5C17B156C68}"
EndProject
Project("{2150E333-8FDC-42A3-9474-1A3956D46DE8}") = "hello-plugin-dotnet", "hello-plugin-dotnet", "{CE50BDBA-EE97-D7C5-FCFD-75B828111A63}"
EndProject
Project("{FAE04EC0-301F-11D3-BF4B-00C04F79EFBC}") = "HelloHeartbeatPlugin", "win11-stack\sdk\samples\hello-plugin-dotnet\HelloHeartbeatPlugin.csproj", "{F4A4B585-7975-2BD9-4260-EC9BCCE1012F}"
EndProject
Global
	GlobalSection(SolutionConfigurationPlatforms) = preSolution
		Debug|Any CPU = Debug|Any CPU
		Release|Any CPU = Release|Any CPU
	EndGlobalSection
	GlobalSection(ProjectConfigurationPlatforms) = postSolution
		{5D9C4D04-AE05-4E5E-82A5-4A34D5D1BBA9}.Debug|Any CPU.ActiveCfg = Debug|Any CPU
		{5D9C4D04-AE05-4E5E-82A5-4A34D5D1BBA9}.Debug|Any CPU.Build.0 = Debug|Any CPU
		{5D9C4D04-AE05-4E5E-82A5-4A34D5D1BBA9}.Release|Any CPU.ActiveCfg = Release|Any CPU
		{5D9C4D04-AE05-4E5E-82A5-4A34D5D1BBA9}.Release|Any CPU.Build.0 = Release|Any CPU
		{5EF05619-02D2-3050-56FC-0E391EFCD1AD}.Debug|Any CPU.ActiveCfg = Debug|Any CPU
		{5EF05619-02D2-3050-56FC-0E391EFCD1AD}.Debug|Any CPU.Build.0 = Debug|Any CPU
		{5EF05619-02D2-3050-56FC-0E391EFCD1AD}.Release|Any CPU.ActiveCfg = Release|Any CPU
		{5EF05619-02D2-3050-56FC-0E391EFCD1AD}.Release|Any CPU.Build.0 = Release|Any CPU
		{649B3FE9-8812-B4CB-2AC2-E4CD578FABB3}.Debug|Any CPU.ActiveCfg = Debug|Any CPU
		{649B3FE9-8812-B4CB-2AC2-E4CD578FABB3}.Debug|Any CPU.Build.0 = Debug|Any CPU
		{649B3FE9-8812-B4CB-2AC2-E4CD578FABB3}.Release|Any CPU.ActiveCfg = Release|Any CPU
		{649B3FE9-8812-B4CB-2AC2-E4CD578FABB3}.Release|Any CPU.Build.0 = Release|Any CPU
		{D44CCC60-3545-94FC-26D0-8D4EC324473C}.Debug|Any CPU.ActiveCfg = Debug|Any CPU
		{D44CCC60-3545-94FC-26D0-8D4EC324473C}.Debug|Any CPU.Build.0 = Debug|Any CPU
		{D44CCC60-3545-94FC-26D0-8D4EC324473C}.Release|Any CPU.ActiveCfg = Release|Any CPU
		{D44CCC60-3545-94FC-26D0-8D4EC324473C}.Release|Any CPU.Build.0 = Release|Any CPU
		{F4A4B585-7975-2BD9-4260-EC9BCCE1012F}.Debug|Any CPU.ActiveCfg = Debug|Any CPU
		{F4A4B585-7975-2BD9-4260-EC9BCCE1012F}.Debug|Any CPU.Build.0 = Debug|Any CPU
		{F4A4B585-7975-2BD9-4260-EC9BCCE1012F}.Release|Any CPU.ActiveCfg = Release|Any CPU
		{F4A4B585-7975-2BD9-4260-EC9BCCE1012F}.Release|Any CPU.Build.0 = Release|Any CPU
	EndGlobalSection
	GlobalSection(SolutionProperties) = preSolution
		HideSolutionNode = FALSE
	EndGlobalSection
	GlobalSection(NestedProjects) = preSolution
		{C7A111FF-AB4C-0249-1E03-8DB3BC5150DC} = {667B1371-0ECA-1712-614A-76B476C5CE03}
		{5D9C4D04-AE05-4E5E-82A5-4A34D5D1BBA9} = {C7A111FF-AB4C-0249-1E03-8DB3BC5150DC}
		{2EBD3C30-C1CA-688E-1435-2D6B899B89EE} = {667B1371-0ECA-1712-614A-76B476C5CE03}
		{C53CC114-E9A0-A2C4-B45D-72AF2FA32346} = {2EBD3C30-C1CA-688E-1435-2D6B899B89EE}
		{5EF05619-02D2-3050-56FC-0E391EFCD1AD} = {C53CC114-E9A0-A2C4-B45D-72AF2FA32346}
		{E997957F-786E-B743-241A-CF5EE7747BA8} = {2EBD3C30-C1CA-688E-1435-2D6B899B89EE}
		{649B3FE9-8812-B4CB-2AC2-E4CD578FABB3} = {E997957F-786E-B743-241A-CF5EE7747BA8}
		{D44CCC60-3545-94FC-26D0-8D4EC324473C} = {E997957F-786E-B743-241A-CF5EE7747BA8}
		{D28721D2-35AD-908B-8FB2-C5C17B156C68} = {2EBD3C30-C1CA-688E-1435-2D6B899B89EE}
		{CE50BDBA-EE97-D7C5-FCFD-75B828111A63} = {D28721D2-35AD-908B-8FB2-C5C17B156C68}
		{F4A4B585-7975-2BD9-4260-EC9BCCE1012F} = {CE50BDBA-EE97-D7C5-FCFD-75B828111A63}
	EndGlobalSection
	GlobalSection(ExtensibilityGlobals) = postSolution
		SolutionGuid = {3C4ED9C4-8456-4267-A7B9-D0BCE6591C58}
	EndGlobalSection
EndGlobal
